// !$*UTF8*$!
{
	archiveVersion = 1;
	classes = {
	};
	objectVersion = 46;
	objects = {

/* Begin PBXBuildFile section */
		2B6CDDED5DCC3D6DF63790F5 /* Pods_DayDayNews.framework in Frameworks */ = {isa = PBXBuildFile; fileRef = 528E42FF6B9B1FE2CF7412C6 /* Pods_DayDayNews.framework */; };
		84186F851D9BB75C00956F03 /* YHBaseViewController.swift in Sources */ = {isa = PBXBuildFile; fileRef = 84186F841D9BB75C00956F03 /* YHBaseViewController.swift */; };
		84186F911D9BDC9600956F03 /* YHPhotoViewController.m in Sources */ = {isa = PBXBuildFile; fileRef = 84186F901D9BDC9600956F03 /* YHPhotoViewController.m */; };
		84635E751D9C9ED1008B3B7D /* YHPhoto.m in Sources */ = {isa = PBXBuildFile; fileRef = 84635E741D9C9ED1008B3B7D /* YHPhoto.m */; };
		84635E771D9CB3F3008B3B7D /* placeholder.jpg in Resources */ = {isa = PBXBuildFile; fileRef = 84635E761D9CB3F3008B3B7D /* placeholder.jpg */; };
		84635E8D1D9D15B9008B3B7D /* HMWaterflowLayout.m in Sources */ = {isa = PBXBuildFile; fileRef = 84635E8C1D9D15B9008B3B7D /* HMWaterflowLayout.m */; };
		84635E911D9D2BA1008B3B7D /* YHCollectionViewCell.m in Sources */ = {isa = PBXBuildFile; fileRef = 84635E8F1D9D2BA1008B3B7D /* YHCollectionViewCell.m */; };
		84635E921D9D2BA1008B3B7D /* YHCollectionViewCell.xib in Resources */ = {isa = PBXBuildFile; fileRef = 84635E901D9D2BA1008B3B7D /* YHCollectionViewCell.xib */; };
		84635E971D9D3CE4008B3B7D /* YHHttpTool.m in Sources */ = {isa = PBXBuildFile; fileRef = 84635E961D9D3CE4008B3B7D /* YHHttpTool.m */; };
		846423851D9E5B0E00263FB1 /* YHPhotoPickerBrowserViewController.m in Sources */ = {isa = PBXBuildFile; fileRef = 8464236E1D9E5B0E00263FB1 /* YHPhotoPickerBrowserViewController.m */; };
		846423861D9E5B0E00263FB1 /* DACircularProgressView.m in Sources */ = {isa = PBXBuildFile; fileRef = 846423721D9E5B0E00263FB1 /* DACircularProgressView.m */; };
		846423871D9E5B0E00263FB1 /* YHPhotoAssets.m in Sources */ = {isa = PBXBuildFile; fileRef = 846423751D9E5B0E00263FB1 /* YHPhotoAssets.m */; };
		846423881D9E5B0E00263FB1 /* YHPhotoBrowserPhoto.m in Sources */ = {isa = PBXBuildFile; fileRef = 846423771D9E5B0E00263FB1 /* YHPhotoBrowserPhoto.m */; };
		846423891D9E5B0E00263FB1 /* YHPhotoPickerDatas.m in Sources */ = {isa = PBXBuildFile; fileRef = 846423791D9E5B0E00263FB1 /* YHPhotoPickerDatas.m */; };
		8464238A1D9E5B0E00263FB1 /* YHPhotoPickerGroup.m in Sources */ = {isa = PBXBuildFile; fileRef = 8464237B1D9E5B0E00263FB1 /* YHPhotoPickerGroup.m */; };
		8464238B1D9E5B0E00263FB1 /* YHPhotoRect.m in Sources */ = {isa = PBXBuildFile; fileRef = 8464237D1D9E5B0E00263FB1 /* YHPhotoRect.m */; };
		8464238C1D9E5B0E00263FB1 /* YHPhotoPickerBrowserPhotoImageView.m in Sources */ = {isa = PBXBuildFile; fileRef = 846423801D9E5B0E00263FB1 /* YHPhotoPickerBrowserPhotoImageView.m */; };
		8464238D1D9E5B0E00263FB1 /* YHPhotoPickerBrowserPhotoScrollView.m in Sources */ = {isa = PBXBuildFile; fileRef = 846423821D9E5B0E00263FB1 /* YHPhotoPickerBrowserPhotoScrollView.m */; };
		8464238E1D9E5B0E00263FB1 /* YHPhotoPickerBrowserPhotoView.m in Sources */ = {isa = PBXBuildFile; fileRef = 846423841D9E5B0E00263FB1 /* YHPhotoPickerBrowserPhotoView.m */; };
		846423911D9E61A800263FB1 /* UIView+XMGExtension.m in Sources */ = {isa = PBXBuildFile; fileRef = 846423901D9E61A800263FB1 /* UIView+XMGExtension.m */; };
		8465B4F61DADCA5A006EB0CD /* UIColor+Extension.swift in Sources */ = {isa = PBXBuildFile; fileRef = 8465B4F51DADCA5A006EB0CD /* UIColor+Extension.swift */; };
		8465B4F81DADD52C006EB0CD /* Bundle.swift in Sources */ = {isa = PBXBuildFile; fileRef = 8465B4F71DADD52C006EB0CD /* Bundle.swift */; };
		8465B4FA1DADE3C6006EB0CD /* YHNavController.swift in Sources */ = {isa = PBXBuildFile; fileRef = 8465B4F91DADE3C6006EB0CD /* YHNavController.swift */; };
		846AD3801DC444AA0076A788 /* YHProfileViewController.swift in Sources */ = {isa = PBXBuildFile; fileRef = 846AD37F1DC444AA0076A788 /* YHProfileViewController.swift */; };
		846AD3831DC444EE0076A788 /* YHProfileHeadView.swift in Sources */ = {isa = PBXBuildFile; fileRef = 846AD3821DC444EE0076A788 /* YHProfileHeadView.swift */; };
		846AD3851DC465800076A788 /* YHLoginView.swift in Sources */ = {isa = PBXBuildFile; fileRef = 846AD3841DC465800076A788 /* YHLoginView.swift */; };
		846AD38B1DC47AF20076A788 /* YHSettingItem.swift in Sources */ = {isa = PBXBuildFile; fileRef = 846AD38A1DC47AF20076A788 /* YHSettingItem.swift */; };
		846AD38D1DC49CEF0076A788 /* YHSettingCell.swift in Sources */ = {isa = PBXBuildFile; fileRef = 846AD38C1DC49CEF0076A788 /* YHSettingCell.swift */; };
		84A13BAF1DAD0DB4001A6CFC /* YHRootViewController.swift in Sources */ = {isa = PBXBuildFile; fileRef = 84A13BAE1DAD0DB4001A6CFC /* YHRootViewController.swift */; };
		84A13BB31DAD0F4E001A6CFC /* YHNewsViewController.swift in Sources */ = {isa = PBXBuildFile; fileRef = 84A13BB21DAD0F4E001A6CFC /* YHNewsViewController.swift */; };
		84A13BB81DAD0FA7001A6CFC /* YHVideoViewController.m in Sources */ = {isa = PBXBuildFile; fileRef = 84A13BB71DAD0FA7001A6CFC /* YHVideoViewController.m */; };
		84CAC2E11D9B50D2001BCD1F /* AppDelegate.swift in Sources */ = {isa = PBXBuildFile; fileRef = 84CAC2E01D9B50D2001BCD1F /* AppDelegate.swift */; };
		84CAC2E31D9B50D2001BCD1F /* ViewController.swift in Sources */ = {isa = PBXBuildFile; fileRef = 84CAC2E21D9B50D2001BCD1F /* ViewController.swift */; };
		84CAC2E81D9B50D2001BCD1F /* Assets.xcassets in Resources */ = {isa = PBXBuildFile; fileRef = 84CAC2E71D9B50D2001BCD1F /* Assets.xcassets */; };
		84CAC2EB1D9B50D2001BCD1F /* LaunchScreen.storyboard in Resources */ = {isa = PBXBuildFile; fileRef = 84CAC2E91D9B50D2001BCD1F /* LaunchScreen.storyboard */; };
/* End PBXBuildFile section */

/* Begin PBXFileReference section */
		2F678EAF03F6177913E7FDFA /* Pods-DayDayNews.debug.xcconfig */ = {isa = PBXFileReference; includeInIndex = 1; lastKnownFileType = text.xcconfig; name = "Pods-DayDayNews.debug.xcconfig"; path = "Pods/Target Support Files/Pods-DayDayNews/Pods-DayDayNews.debug.xcconfig"; sourceTree = "<group>"; };
		528E42FF6B9B1FE2CF7412C6 /* Pods_DayDayNews.framework */ = {isa = PBXFileReference; explicitFileType = wrapper.framework; includeInIndex = 0; path = Pods_DayDayNews.framework; sourceTree = BUILT_PRODUCTS_DIR; };
		84186F841D9BB75C00956F03 /* YHBaseViewController.swift */ = {isa = PBXFileReference; fileEncoding = 4; lastKnownFileType = sourcecode.swift; name = YHBaseViewController.swift; path = "../../../../../../仓库/test/YHBaseViewController.swift"; sourceTree = "<group>"; };
		84186F891D9BB86800956F03 /* DayDayNews-Bridging-Header.h */ = {isa = PBXFileReference; lastKnownFileType = sourcecode.c.h; path = "DayDayNews-Bridging-Header.h"; sourceTree = "<group>"; };
		84186F8F1D9BDC9600956F03 /* YHPhotoViewController.h */ = {isa = PBXFileReference; fileEncoding = 4; lastKnownFileType = sourcecode.c.h; path = YHPhotoViewController.h; sourceTree = "<group>"; };
		84186F901D9BDC9600956F03 /* YHPhotoViewController.m */ = {isa = PBXFileReference; fileEncoding = 4; lastKnownFileType = sourcecode.c.objc; path = YHPhotoViewController.m; sourceTree = "<group>"; };
		84635E731D9C9ED1008B3B7D /* YHPhoto.h */ = {isa = PBXFileReference; fileEncoding = 4; lastKnownFileType = sourcecode.c.h; path = YHPhoto.h; sourceTree = "<group>"; };
		84635E741D9C9ED1008B3B7D /* YHPhoto.m */ = {isa = PBXFileReference; fileEncoding = 4; lastKnownFileType = sourcecode.c.objc; path = YHPhoto.m; sourceTree = "<group>"; };
		84635E761D9CB3F3008B3B7D /* placeholder.jpg */ = {isa = PBXFileReference; lastKnownFileType = image.jpeg; path = placeholder.jpg; sourceTree = "<group>"; };
		84635E8B1D9D15B9008B3B7D /* HMWaterflowLayout.h */ = {isa = PBXFileReference; fileEncoding = 4; lastKnownFileType = sourcecode.c.h; path = HMWaterflowLayout.h; sourceTree = "<group>"; };
		84635E8C1D9D15B9008B3B7D /* HMWaterflowLayout.m */ = {isa = PBXFileReference; fileEncoding = 4; lastKnownFileType = sourcecode.c.objc; path = HMWaterflowLayout.m; sourceTree = "<group>"; };
		84635E8E1D9D2BA1008B3B7D /* YHCollectionViewCell.h */ = {isa = PBXFileReference; fileEncoding = 4; lastKnownFileType = sourcecode.c.h; path = YHCollectionViewCell.h; sourceTree = "<group>"; };
		84635E8F1D9D2BA1008B3B7D /* YHCollectionViewCell.m */ = {isa = PBXFileReference; fileEncoding = 4; lastKnownFileType = sourcecode.c.objc; path = YHCollectionViewCell.m; sourceTree = "<group>"; };
		84635E901D9D2BA1008B3B7D /* YHCollectionViewCell.xib */ = {isa = PBXFileReference; fileEncoding = 4; lastKnownFileType = file.xib; path = YHCollectionViewCell.xib; sourceTree = "<group>"; };
		84635E951D9D3CE4008B3B7D /* YHHttpTool.h */ = {isa = PBXFileReference; fileEncoding = 4; lastKnownFileType = sourcecode.c.h; path = YHHttpTool.h; sourceTree = "<group>"; };
		84635E961D9D3CE4008B3B7D /* YHHttpTool.m */ = {isa = PBXFileReference; fileEncoding = 4; lastKnownFileType = sourcecode.c.objc; path = YHHttpTool.m; sourceTree = "<group>"; };
		8464236D1D9E5B0E00263FB1 /* YHPhotoPickerBrowserViewController.h */ = {isa = PBXFileReference; fileEncoding = 4; lastKnownFileType = sourcecode.c.h; path = YHPhotoPickerBrowserViewController.h; sourceTree = "<group>"; };
		8464236E1D9E5B0E00263FB1 /* YHPhotoPickerBrowserViewController.m */ = {isa = PBXFileReference; fileEncoding = 4; lastKnownFileType = sourcecode.c.objc; path = YHPhotoPickerBrowserViewController.m; sourceTree = "<group>"; };
		846423711D9E5B0E00263FB1 /* DACircularProgressView.h */ = {isa = PBXFileReference; fileEncoding = 4; lastKnownFileType = sourcecode.c.h; path = DACircularProgressView.h; sourceTree = "<group>"; };
		846423721D9E5B0E00263FB1 /* DACircularProgressView.m */ = {isa = PBXFileReference; fileEncoding = 4; lastKnownFileType = sourcecode.c.objc; path = DACircularProgressView.m; sourceTree = "<group>"; };
		846423741D9E5B0E00263FB1 /* YHPhotoAssets.h */ = {isa = PBXFileReference; fileEncoding = 4; lastKnownFileType = sourcecode.c.h; path = YHPhotoAssets.h; sourceTree = "<group>"; };
		846423751D9E5B0E00263FB1 /* YHPhotoAssets.m */ = {isa = PBXFileReference; fileEncoding = 4; lastKnownFileType = sourcecode.c.objc; path = YHPhotoAssets.m; sourceTree = "<group>"; };
		846423761D9E5B0E00263FB1 /* YHPhotoBrowserPhoto.h */ = {isa = PBXFileReference; fileEncoding = 4; lastKnownFileType = sourcecode.c.h; path = YHPhotoBrowserPhoto.h; sourceTree = "<group>"; };
		846423771D9E5B0E00263FB1 /* YHPhotoBrowserPhoto.m */ = {isa = PBXFileReference; fileEncoding = 4; lastKnownFileType = sourcecode.c.objc; path = YHPhotoBrowserPhoto.m; sourceTree = "<group>"; };
		846423781D9E5B0E00263FB1 /* YHPhotoPickerDatas.h */ = {isa = PBXFileReference; fileEncoding = 4; lastKnownFileType = sourcecode.c.h; path = YHPhotoPickerDatas.h; sourceTree = "<group>"; };
		846423791D9E5B0E00263FB1 /* YHPhotoPickerDatas.m */ = {isa = PBXFileReference; fileEncoding = 4; lastKnownFileType = sourcecode.c.objc; path = YHPhotoPickerDatas.m; sourceTree = "<group>"; };
		8464237A1D9E5B0E00263FB1 /* YHPhotoPickerGroup.h */ = {isa = PBXFileReference; fileEncoding = 4; lastKnownFileType = sourcecode.c.h; path = YHPhotoPickerGroup.h; sourceTree = "<group>"; };
		8464237B1D9E5B0E00263FB1 /* YHPhotoPickerGroup.m */ = {isa = PBXFileReference; fileEncoding = 4; lastKnownFileType = sourcecode.c.objc; path = YHPhotoPickerGroup.m; sourceTree = "<group>"; };
		8464237C1D9E5B0E00263FB1 /* YHPhotoRect.h */ = {isa = PBXFileReference; fileEncoding = 4; lastKnownFileType = sourcecode.c.h; path = YHPhotoRect.h; sourceTree = "<group>"; };
		8464237D1D9E5B0E00263FB1 /* YHPhotoRect.m */ = {isa = PBXFileReference; fileEncoding = 4; lastKnownFileType = sourcecode.c.objc; path = YHPhotoRect.m; sourceTree = "<group>"; };
		8464237F1D9E5B0E00263FB1 /* YHPhotoPickerBrowserPhotoImageView.h */ = {isa = PBXFileReference; fileEncoding = 4; lastKnownFileType = sourcecode.c.h; path = YHPhotoPickerBrowserPhotoImageView.h; sourceTree = "<group>"; };
		846423801D9E5B0E00263FB1 /* YHPhotoPickerBrowserPhotoImageView.m */ = {isa = PBXFileReference; fileEncoding = 4; lastKnownFileType = sourcecode.c.objc; path = YHPhotoPickerBrowserPhotoImageView.m; sourceTree = "<group>"; };
		846423811D9E5B0E00263FB1 /* YHPhotoPickerBrowserPhotoScrollView.h */ = {isa = PBXFileReference; fileEncoding = 4; lastKnownFileType = sourcecode.c.h; path = YHPhotoPickerBrowserPhotoScrollView.h; sourceTree = "<group>"; };
		846423821D9E5B0E00263FB1 /* YHPhotoPickerBrowserPhotoScrollView.m */ = {isa = PBXFileReference; fileEncoding = 4; lastKnownFileType = sourcecode.c.objc; path = YHPhotoPickerBrowserPhotoScrollView.m; sourceTree = "<group>"; };
		846423831D9E5B0E00263FB1 /* YHPhotoPickerBrowserPhotoView.h */ = {isa = PBXFileReference; fileEncoding = 4; lastKnownFileType = sourcecode.c.h; path = YHPhotoPickerBrowserPhotoView.h; sourceTree = "<group>"; };
		846423841D9E5B0E00263FB1 /* YHPhotoPickerBrowserPhotoView.m */ = {isa = PBXFileReference; fileEncoding = 4; lastKnownFileType = sourcecode.c.objc; path = YHPhotoPickerBrowserPhotoView.m; sourceTree = "<group>"; };
		8464238F1D9E61A800263FB1 /* UIView+XMGExtension.h */ = {isa = PBXFileReference; fileEncoding = 4; lastKnownFileType = sourcecode.c.h; name = "UIView+XMGExtension.h"; path = "../../UIView+XMGExtension.h"; sourceTree = "<group>"; };
		846423901D9E61A800263FB1 /* UIView+XMGExtension.m */ = {isa = PBXFileReference; fileEncoding = 4; lastKnownFileType = sourcecode.c.objc; name = "UIView+XMGExtension.m"; path = "../../UIView+XMGExtension.m"; sourceTree = "<group>"; };
		8465B4F51DADCA5A006EB0CD /* UIColor+Extension.swift */ = {isa = PBXFileReference; fileEncoding = 4; lastKnownFileType = sourcecode.swift; path = "UIColor+Extension.swift"; sourceTree = "<group>"; };
		8465B4F71DADD52C006EB0CD /* Bundle.swift */ = {isa = PBXFileReference; fileEncoding = 4; lastKnownFileType = sourcecode.swift; path = Bundle.swift; sourceTree = "<group>"; };
		8465B4F91DADE3C6006EB0CD /* YHNavController.swift */ = {isa = PBXFileReference; fileEncoding = 4; lastKnownFileType = sourcecode.swift; path = YHNavController.swift; sourceTree = "<group>"; };
		846AD37F1DC444AA0076A788 /* YHProfileViewController.swift */ = {isa = PBXFileReference; fileEncoding = 4; lastKnownFileType = sourcecode.swift; path = YHProfileViewController.swift; sourceTree = "<group>"; };
		846AD3821DC444EE0076A788 /* YHProfileHeadView.swift */ = {isa = PBXFileReference; fileEncoding = 4; lastKnownFileType = sourcecode.swift; path = YHProfileHeadView.swift; sourceTree = "<group>"; };
		846AD3841DC465800076A788 /* YHLoginView.swift */ = {isa = PBXFileReference; fileEncoding = 4; lastKnownFileType = sourcecode.swift; path = YHLoginView.swift; sourceTree = "<group>"; };
		846AD38A1DC47AF20076A788 /* YHSettingItem.swift */ = {isa = PBXFileReference; fileEncoding = 4; lastKnownFileType = sourcecode.swift; path = YHSettingItem.swift; sourceTree = "<group>"; };
		846AD38C1DC49CEF0076A788 /* YHSettingCell.swift */ = {isa = PBXFileReference; fileEncoding = 4; lastKnownFileType = sourcecode.swift; path = YHSettingCell.swift; sourceTree = "<group>"; };
		84A13BAE1DAD0DB4001A6CFC /* YHRootViewController.swift */ = {isa = PBXFileReference; fileEncoding = 4; lastKnownFileType = sourcecode.swift; path = YHRootViewController.swift; sourceTree = "<group>"; };
		84A13BB21DAD0F4E001A6CFC /* YHNewsViewController.swift */ = {isa = PBXFileReference; fileEncoding = 4; lastKnownFileType = sourcecode.swift; path = YHNewsViewController.swift; sourceTree = "<group>"; };
		84A13BB61DAD0FA7001A6CFC /* YHVideoViewController.h */ = {isa = PBXFileReference; fileEncoding = 4; lastKnownFileType = sourcecode.c.h; path = YHVideoViewController.h; sourceTree = "<group>"; };
		84A13BB71DAD0FA7001A6CFC /* YHVideoViewController.m */ = {isa = PBXFileReference; fileEncoding = 4; lastKnownFileType = sourcecode.c.objc; path = YHVideoViewController.m; sourceTree = "<group>"; };
		84CAC2DD1D9B50D2001BCD1F /* DayDayNews.app */ = {isa = PBXFileReference; explicitFileType = wrapper.application; includeInIndex = 0; path = DayDayNews.app; sourceTree = BUILT_PRODUCTS_DIR; };
		84CAC2E01D9B50D2001BCD1F /* AppDelegate.swift */ = {isa = PBXFileReference; lastKnownFileType = sourcecode.swift; path = AppDelegate.swift; sourceTree = "<group>"; };
		84CAC2E21D9B50D2001BCD1F /* ViewController.swift */ = {isa = PBXFileReference; lastKnownFileType = sourcecode.swift; path = ViewController.swift; sourceTree = "<group>"; };
		84CAC2E71D9B50D2001BCD1F /* Assets.xcassets */ = {isa = PBXFileReference; lastKnownFileType = folder.assetcatalog; path = Assets.xcassets; sourceTree = "<group>"; };
		84CAC2EA1D9B50D2001BCD1F /* Base */ = {isa = PBXFileReference; lastKnownFileType = file.storyboard; name = Base; path = Base.lproj/LaunchScreen.storyboard; sourceTree = "<group>"; };
		84CAC2EC1D9B50D2001BCD1F /* Info.plist */ = {isa = PBXFileReference; lastKnownFileType = text.plist.xml; path = Info.plist; sourceTree = "<group>"; };
		96952B8521EB517576E5FAE0 /* Pods-DayDayNews.release.xcconfig */ = {isa = PBXFileReference; includeInIndex = 1; lastKnownFileType = text.xcconfig; name = "Pods-DayDayNews.release.xcconfig"; path = "Pods/Target Support Files/Pods-DayDayNews/Pods-DayDayNews.release.xcconfig"; sourceTree = "<group>"; };
/* End PBXFileReference section */

/* Begin PBXFrameworksBuildPhase section */
		84CAC2DA1D9B50D2001BCD1F /* Frameworks */ = {
			isa = PBXFrameworksBuildPhase;
			buildActionMask = 2147483647;
			files = (
				2B6CDDED5DCC3D6DF63790F5 /* Pods_DayDayNews.framework in Frameworks */,
			);
			runOnlyForDeploymentPostprocessing = 0;
		};
/* End PBXFrameworksBuildPhase section */

/* Begin PBXGroup section */
		352E2D1DE0909BF15F6FD90F /* Pods */ = {
			isa = PBXGroup;
			children = (
				2F678EAF03F6177913E7FDFA /* Pods-DayDayNews.debug.xcconfig */,
				96952B8521EB517576E5FAE0 /* Pods-DayDayNews.release.xcconfig */,
			);
			name = Pods;
			sourceTree = "<group>";
		};
		84186F831D9BB6CE00956F03 /* Photo */ = {
			isa = PBXGroup;
			children = (
				8464236B1D9E5B0E00263FB1 /* PhotoBrower */,
				84635E781D9CB91F008B3B7D /* ViewModel */,
				84186F8E1D9BDC9600956F03 /* View */,
				84186F8D1D9BDC7300956F03 /* Model */,
				84186F891D9BB86800956F03 /* DayDayNews-Bridging-Header.h */,
			);
			path = Photo;
			sourceTree = "<group>";
		};
		84186F881D9BB80000956F03 /* Root */ = {
			isa = PBXGroup;
			children = (
				84186F841D9BB75C00956F03 /* YHBaseViewController.swift */,
				84A13BAE1DAD0DB4001A6CFC /* YHRootViewController.swift */,
				8465B4F91DADE3C6006EB0CD /* YHNavController.swift */,
			);
			path = Root;
			sourceTree = "<group>";
		};
		84186F8D1D9BDC7300956F03 /* Model */ = {
			isa = PBXGroup;
			children = (
				84635E731D9C9ED1008B3B7D /* YHPhoto.h */,
				84635E741D9C9ED1008B3B7D /* YHPhoto.m */,
			);
			path = Model;
			sourceTree = "<group>";
		};
		84186F8E1D9BDC9600956F03 /* View */ = {
			isa = PBXGroup;
			children = (
				84186F8F1D9BDC9600956F03 /* YHPhotoViewController.h */,
				84186F901D9BDC9600956F03 /* YHPhotoViewController.m */,
			);
			path = View;
			sourceTree = "<group>";
		};
		84635E781D9CB91F008B3B7D /* ViewModel */ = {
			isa = PBXGroup;
			children = (
				84635E8A1D9D15B9008B3B7D /* 瀑布流 */,
				84635E941D9D2F67008B3B7D /* 自定义cell */,
			);
			path = ViewModel;
			sourceTree = "<group>";
		};
		84635E891D9D130C008B3B7D /* Tool */ = {
			isa = PBXGroup;
			children = (
				84635E951D9D3CE4008B3B7D /* YHHttpTool.h */,
				84635E961D9D3CE4008B3B7D /* YHHttpTool.m */,
			);
			path = Tool;
			sourceTree = "<group>";
		};
		84635E8A1D9D15B9008B3B7D /* 瀑布流 */ = {
			isa = PBXGroup;
			children = (
				84635E8B1D9D15B9008B3B7D /* HMWaterflowLayout.h */,
				84635E8C1D9D15B9008B3B7D /* HMWaterflowLayout.m */,
			);
			name = "瀑布流";
			path = "../瀑布流";
			sourceTree = "<group>";
		};
		84635E941D9D2F67008B3B7D /* 自定义cell */ = {
			isa = PBXGroup;
			children = (
				84635E8E1D9D2BA1008B3B7D /* YHCollectionViewCell.h */,
				84635E8F1D9D2BA1008B3B7D /* YHCollectionViewCell.m */,
				84635E901D9D2BA1008B3B7D /* YHCollectionViewCell.xib */,
			);
			name = "自定义cell";
			sourceTree = "<group>";
		};
		8464236B1D9E5B0E00263FB1 /* PhotoBrower */ = {
			isa = PBXGroup;
			children = (
				8464236C1D9E5B0E00263FB1 /* Controller */,
				8464236F1D9E5B0E00263FB1 /* Lib */,
				846423731D9E5B0E00263FB1 /* Model */,
				8464237E1D9E5B0E00263FB1 /* View */,
			);
			path = PhotoBrower;
			sourceTree = "<group>";
		};
		8464236C1D9E5B0E00263FB1 /* Controller */ = {
			isa = PBXGroup;
			children = (
				8464236D1D9E5B0E00263FB1 /* YHPhotoPickerBrowserViewController.h */,
				8464236E1D9E5B0E00263FB1 /* YHPhotoPickerBrowserViewController.m */,
			);
			path = Controller;
			sourceTree = "<group>";
		};
		8464236F1D9E5B0E00263FB1 /* Lib */ = {
			isa = PBXGroup;
			children = (
				8464238F1D9E61A800263FB1 /* UIView+XMGExtension.h */,
				846423901D9E61A800263FB1 /* UIView+XMGExtension.m */,
				846423701D9E5B0E00263FB1 /* DACircularProgress */,
			);
			path = Lib;
			sourceTree = "<group>";
		};
		846423701D9E5B0E00263FB1 /* DACircularProgress */ = {
			isa = PBXGroup;
			children = (
				846423711D9E5B0E00263FB1 /* DACircularProgressView.h */,
				846423721D9E5B0E00263FB1 /* DACircularProgressView.m */,
			);
			path = DACircularProgress;
			sourceTree = "<group>";
		};
		846423731D9E5B0E00263FB1 /* Model */ = {
			isa = PBXGroup;
			children = (
				846423741D9E5B0E00263FB1 /* YHPhotoAssets.h */,
				846423751D9E5B0E00263FB1 /* YHPhotoAssets.m */,
				846423761D9E5B0E00263FB1 /* YHPhotoBrowserPhoto.h */,
				846423771D9E5B0E00263FB1 /* YHPhotoBrowserPhoto.m */,
				846423781D9E5B0E00263FB1 /* YHPhotoPickerDatas.h */,
				846423791D9E5B0E00263FB1 /* YHPhotoPickerDatas.m */,
				8464237A1D9E5B0E00263FB1 /* YHPhotoPickerGroup.h */,
				8464237B1D9E5B0E00263FB1 /* YHPhotoPickerGroup.m */,
				8464237C1D9E5B0E00263FB1 /* YHPhotoRect.h */,
				8464237D1D9E5B0E00263FB1 /* YHPhotoRect.m */,
			);
			path = Model;
			sourceTree = "<group>";
		};
		8464237E1D9E5B0E00263FB1 /* View */ = {
			isa = PBXGroup;
			children = (
				8464237F1D9E5B0E00263FB1 /* YHPhotoPickerBrowserPhotoImageView.h */,
				846423801D9E5B0E00263FB1 /* YHPhotoPickerBrowserPhotoImageView.m */,
				846423811D9E5B0E00263FB1 /* YHPhotoPickerBrowserPhotoScrollView.h */,
				846423821D9E5B0E00263FB1 /* YHPhotoPickerBrowserPhotoScrollView.m */,
				846423831D9E5B0E00263FB1 /* YHPhotoPickerBrowserPhotoView.h */,
				846423841D9E5B0E00263FB1 /* YHPhotoPickerBrowserPhotoView.m */,
			);
			path = View;
			sourceTree = "<group>";
		};
		8465B4F41DADC9CA006EB0CD /* Const */ = {
			isa = PBXGroup;
			children = (
				8465B4F51DADCA5A006EB0CD /* UIColor+Extension.swift */,
				8465B4F71DADD52C006EB0CD /* Bundle.swift */,
			);
			path = Const;
			sourceTree = "<group>";
		};
		846AD3811DC444D00076A788 /* ViewModel */ = {
			isa = PBXGroup;
			children = (
				846AD3821DC444EE0076A788 /* YHProfileHeadView.swift */,
				846AD3841DC465800076A788 /* YHLoginView.swift */,
				846AD38C1DC49CEF0076A788 /* YHSettingCell.swift */,
			);
			name = ViewModel;
			path = Profile/ViewModel;
			sourceTree = "<group>";
		};
		84A13BB01DAD0ECA001A6CFC /* News */ = {
			isa = PBXGroup;
			children = (
				84A13BB11DAD0EEF001A6CFC /* View */,
			);
			path = News;
			sourceTree = "<group>";
		};
		84A13BB11DAD0EEF001A6CFC /* View */ = {
			isa = PBXGroup;
			children = (
				84A13BB21DAD0F4E001A6CFC /* YHNewsViewController.swift */,
			);
			path = View;
			sourceTree = "<group>";
		};
		84A13BB41DAD0F5F001A6CFC /* Video */ = {
			isa = PBXGroup;
			children = (
				84A13BB51DAD0F7D001A6CFC /* View */,
			);
			path = Video;
			sourceTree = "<group>";
		};
		84A13BB51DAD0F7D001A6CFC /* View */ = {
			isa = PBXGroup;
			children = (
				84A13BB61DAD0FA7001A6CFC /* YHVideoViewController.h */,
				84A13BB71DAD0FA7001A6CFC /* YHVideoViewController.m */,
			);
			path = View;
			sourceTree = "<group>";
		};
		84CAC2D41D9B50D2001BCD1F = {
			isa = PBXGroup;
			children = (
				84CAC2DF1D9B50D2001BCD1F /* DayDayNews */,
				84CAC2DE1D9B50D2001BCD1F /* Products */,
				352E2D1DE0909BF15F6FD90F /* Pods */,
				A215F3E504DE844D0D04EF80 /* Frameworks */,
			);
			sourceTree = "<group>";
		};
		84CAC2DE1D9B50D2001BCD1F /* Products */ = {
			isa = PBXGroup;
			children = (
				84CAC2DD1D9B50D2001BCD1F /* DayDayNews.app */,
			);
			name = Products;
			sourceTree = "<group>";
		};
		84CAC2DF1D9B50D2001BCD1F /* DayDayNews */ = {
			isa = PBXGroup;
			children = (
				8465B4F41DADC9CA006EB0CD /* Const */,
				84CAC2F61D9B56B7001BCD1F /* Main */,
				84A13BB01DAD0ECA001A6CFC /* News */,
				84A13BB41DAD0F5F001A6CFC /* Video */,
				84CAC2F21D9B562D001BCD1F /* Profile */,
				846AD3811DC444D00076A788 /* ViewModel */,
				84186F831D9BB6CE00956F03 /* Photo */,
				84635E891D9D130C008B3B7D /* Tool */,
				84CAC2E01D9B50D2001BCD1F /* AppDelegate.swift */,
				84CAC2E21D9B50D2001BCD1F /* ViewController.swift */,
				84CAC2E71D9B50D2001BCD1F /* Assets.xcassets */,
				84CAC2E91D9B50D2001BCD1F /* LaunchScreen.storyboard */,
				84CAC2EC1D9B50D2001BCD1F /* Info.plist */,
				84635E761D9CB3F3008B3B7D /* placeholder.jpg */,
			);
			path = DayDayNews;
			sourceTree = "<group>";
		};
		84CAC2F21D9B562D001BCD1F /* Profile */ = {
			isa = PBXGroup;
			children = (
				84CAC2F31D9B562D001BCD1F /* Model */,
				84CAC2F41D9B562D001BCD1F /* View */,
			);
			path = Profile;
			sourceTree = "<group>";
		};
		84CAC2F31D9B562D001BCD1F /* Model */ = {
			isa = PBXGroup;
			children = (
				846AD38A1DC47AF20076A788 /* YHSettingItem.swift */,
			);
			path = Model;
			sourceTree = "<group>";
		};
		84CAC2F41D9B562D001BCD1F /* View */ = {
			isa = PBXGroup;
			children = (
				846AD37F1DC444AA0076A788 /* YHProfileViewController.swift */,
			);
			path = View;
			sourceTree = "<group>";
		};
		84CAC2F61D9B56B7001BCD1F /* Main */ = {
			isa = PBXGroup;
			children = (
				84186F881D9BB80000956F03 /* Root */,
			);
			path = Main;
			sourceTree = "<group>";
		};
		A215F3E504DE844D0D04EF80 /* Frameworks */ = {
			isa = PBXGroup;
			children = (
				528E42FF6B9B1FE2CF7412C6 /* Pods_DayDayNews.framework */,
			);
			name = Frameworks;
			sourceTree = "<group>";
		};
/* End PBXGroup section */

/* Begin PBXNativeTarget section */
		84CAC2DC1D9B50D2001BCD1F /* DayDayNews */ = {
			isa = PBXNativeTarget;
			buildConfigurationList = 84CAC2EF1D9B50D2001BCD1F /* Build configuration list for PBXNativeTarget "DayDayNews" */;
			buildPhases = (
				7AF6627C7CACD63B6BCB3601 /* [CP] Check Pods Manifest.lock */,
				84CAC2D91D9B50D2001BCD1F /* Sources */,
				84CAC2DA1D9B50D2001BCD1F /* Frameworks */,
				84CAC2DB1D9B50D2001BCD1F /* Resources */,
				1289C614256ECB1485BF1BA4 /* [CP] Embed Pods Frameworks */,
				5E76BE4AFECBAC9942F93E6A /* [CP] Copy Pods Resources */,
			);
			buildRules = (
			);
			dependencies = (
			);
			name = DayDayNews;
			productName = DayDayNews;
			productReference = 84CAC2DD1D9B50D2001BCD1F /* DayDayNews.app */;
			productType = "com.apple.product-type.application";
		};
/* End PBXNativeTarget section */

/* Begin PBXProject section */
		84CAC2D51D9B50D2001BCD1F /* Project object */ = {
			isa = PBXProject;
			attributes = {
				CLASSPREFIX = YH;
				LastSwiftUpdateCheck = 0730;
				LastUpgradeCheck = 0730;
				ORGANIZATIONNAME = com.yihe;
				TargetAttributes = {
					84CAC2DC1D9B50D2001BCD1F = {
						CreatedOnToolsVersion = 7.3.1;
						DevelopmentTeam = 282ETXFM23;
					};
				};
			};
			buildConfigurationList = 84CAC2D81D9B50D2001BCD1F /* Build configuration list for PBXProject "DayDayNews" */;
			compatibilityVersion = "Xcode 3.2";
			developmentRegion = English;
			hasScannedForEncodings = 0;
			knownRegions = (
				en,
				Base,
			);
			mainGroup = 84CAC2D41D9B50D2001BCD1F;
			productRefGroup = 84CAC2DE1D9B50D2001BCD1F /* Products */;
			projectDirPath = "";
			projectRoot = "";
			targets = (
				84CAC2DC1D9B50D2001BCD1F /* DayDayNews */,
			);
		};
/* End PBXProject section */

/* Begin PBXResourcesBuildPhase section */
		84CAC2DB1D9B50D2001BCD1F /* Resources */ = {
			isa = PBXResourcesBuildPhase;
			buildActionMask = 2147483647;
			files = (
				84CAC2EB1D9B50D2001BCD1F /* LaunchScreen.storyboard in Resources */,
				84635E921D9D2BA1008B3B7D /* YHCollectionViewCell.xib in Resources */,
				84635E771D9CB3F3008B3B7D /* placeholder.jpg in Resources */,
				84CAC2E81D9B50D2001BCD1F /* Assets.xcassets in Resources */,
			);
			runOnlyForDeploymentPostprocessing = 0;
		};
/* End PBXResourcesBuildPhase section */

/* Begin PBXShellScriptBuildPhase section */
		1289C614256ECB1485BF1BA4 /* [CP] Embed Pods Frameworks */ = {
			isa = PBXShellScriptBuildPhase;
			buildActionMask = 2147483647;
			files = (
			);
			inputPaths = (
			);
			name = "[CP] Embed Pods Frameworks";
			outputPaths = (
			);
			runOnlyForDeploymentPostprocessing = 0;
			shellPath = /bin/sh;
			shellScript = "\"${SRCROOT}/Pods/Target Support Files/Pods-DayDayNews/Pods-DayDayNews-frameworks.sh\"\n";
			showEnvVarsInLog = 0;
		};
		5E76BE4AFECBAC9942F93E6A /* [CP] Copy Pods Resources */ = {
			isa = PBXShellScriptBuildPhase;
			buildActionMask = 2147483647;
			files = (
			);
			inputPaths = (
			);
			name = "[CP] Copy Pods Resources";
			outputPaths = (
			);
			runOnlyForDeploymentPostprocessing = 0;
			shellPath = /bin/sh;
			shellScript = "\"${SRCROOT}/Pods/Target Support Files/Pods-DayDayNews/Pods-DayDayNews-resources.sh\"\n";
			showEnvVarsInLog = 0;
		};
		7AF6627C7CACD63B6BCB3601 /* [CP] Check Pods Manifest.lock */ = {
			isa = PBXShellScriptBuildPhase;
			buildActionMask = 2147483647;
			files = (
			);
			inputPaths = (
			);
			name = "[CP] Check Pods Manifest.lock";
			outputPaths = (
			);
			runOnlyForDeploymentPostprocessing = 0;
			shellPath = /bin/sh;
			shellScript = "diff \"${PODS_ROOT}/../Podfile.lock\" \"${PODS_ROOT}/Manifest.lock\" > /dev/null\nif [[ $? != 0 ]] ; then\n    cat << EOM\nerror: The sandbox is not in sync with the Podfile.lock. Run 'pod install' or update your CocoaPods installation.\nEOM\n    exit 1\nfi\n";
			showEnvVarsInLog = 0;
		};
/* End PBXShellScriptBuildPhase section */

/* Begin PBXSourcesBuildPhase section */
		84CAC2D91D9B50D2001BCD1F /* Sources */ = {
			isa = PBXSourcesBuildPhase;
			buildActionMask = 2147483647;
			files = (
				846AD3831DC444EE0076A788 /* YHProfileHeadView.swift in Sources */,
				84A13BB31DAD0F4E001A6CFC /* YHNewsViewController.swift in Sources */,
				84A13BB81DAD0FA7001A6CFC /* YHVideoViewController.m in Sources */,
				846AD38D1DC49CEF0076A788 /* YHSettingCell.swift in Sources */,
				84186F911D9BDC9600956F03 /* YHPhotoViewController.m in Sources */,
				846423881D9E5B0E00263FB1 /* YHPhotoBrowserPhoto.m in Sources */,
				846423911D9E61A800263FB1 /* UIView+XMGExtension.m in Sources */,
				846423891D9E5B0E00263FB1 /* YHPhotoPickerDatas.m in Sources */,
				846423851D9E5B0E00263FB1 /* YHPhotoPickerBrowserViewController.m in Sources */,
				8464238E1D9E5B0E00263FB1 /* YHPhotoPickerBrowserPhotoView.m in Sources */,
				846AD3851DC465800076A788 /* YHLoginView.swift in Sources */,
				8464238D1D9E5B0E00263FB1 /* YHPhotoPickerBrowserPhotoScrollView.m in Sources */,
				8464238C1D9E5B0E00263FB1 /* YHPhotoPickerBrowserPhotoImageView.m in Sources */,
				84186F851D9BB75C00956F03 /* YHBaseViewController.swift in Sources */,
				8464238A1D9E5B0E00263FB1 /* YHPhotoPickerGroup.m in Sources */,
				8465B4F81DADD52C006EB0CD /* Bundle.swift in Sources */,
				84CAC2E31D9B50D2001BCD1F /* ViewController.swift in Sources */,
				84635E751D9C9ED1008B3B7D /* YHPhoto.m in Sources */,
				846AD38B1DC47AF20076A788 /* YHSettingItem.swift in Sources */,
				8465B4F61DADCA5A006EB0CD /* UIColor+Extension.swift in Sources */,
				84A13BAF1DAD0DB4001A6CFC /* YHRootViewController.swift in Sources */,
				846423861D9E5B0E00263FB1 /* DACircularProgressView.m in Sources */,
				846423871D9E5B0E00263FB1 /* YHPhotoAssets.m in Sources */,
				84635E8D1D9D15B9008B3B7D /* HMWaterflowLayout.m in Sources */,
				8464238B1D9E5B0E00263FB1 /* YHPhotoRect.m in Sources */,
				8465B4FA1DADE3C6006EB0CD /* YHNavController.swift in Sources */,
				84CAC2E11D9B50D2001BCD1F /* AppDelegate.swift in Sources */,
				846AD3801DC444AA0076A788 /* YHProfileViewController.swift in Sources */,
				84635E971D9D3CE4008B3B7D /* YHHttpTool.m in Sources */,
				84635E911D9D2BA1008B3B7D /* YHCollectionViewCell.m in Sources */,
			);
			runOnlyForDeploymentPostprocessing = 0;
		};
/* End PBXSourcesBuildPhase section */

/* Begin PBXVariantGroup section */
		84CAC2E91D9B50D2001BCD1F /* LaunchScreen.storyboard */ = {
			isa = PBXVariantGroup;
			children = (
				84CAC2EA1D9B50D2001BCD1F /* Base */,
			);
			name = LaunchScreen.storyboard;
			sourceTree = "<group>";
		};
/* End PBXVariantGroup section */

/* Begin XCBuildConfiguration section */
		84CAC2ED1D9B50D2001BCD1F /* Debug */ = {
			isa = XCBuildConfiguration;
			buildSettings = {
				ALWAYS_SEARCH_USER_PATHS = NO;
				CLANG_ANALYZER_NONNULL = YES;
				CLANG_CXX_LANGUAGE_STANDARD = "gnu++0x";
				CLANG_CXX_LIBRARY = "libc++";
				CLANG_ENABLE_MODULES = YES;
				CLANG_ENABLE_OBJC_ARC = YES;
				CLANG_WARN_BOOL_CONVERSION = YES;
				CLANG_WARN_CONSTANT_CONVERSION = YES;
				CLANG_WARN_DIRECT_OBJC_ISA_USAGE = YES_ERROR;
				CLANG_WARN_EMPTY_BODY = YES;
				CLANG_WARN_ENUM_CONVERSION = YES;
				CLANG_WARN_INT_CONVERSION = YES;
				CLANG_WARN_OBJC_ROOT_CLASS = YES_ERROR;
				CLANG_WARN_UNREACHABLE_CODE = YES;
				CLANG_WARN__DUPLICATE_METHOD_MATCH = YES;
				"CODE_SIGN_IDENTITY[sdk=iphoneos*]" = "iPhone Developer";
				COPY_PHASE_STRIP = NO;
				DEBUG_INFORMATION_FORMAT = dwarf;
				ENABLE_STRICT_OBJC_MSGSEND = YES;
				ENABLE_TESTABILITY = YES;
				GCC_C_LANGUAGE_STANDARD = gnu99;
				GCC_DYNAMIC_NO_PIC = NO;
				GCC_NO_COMMON_BLOCKS = YES;
				GCC_OPTIMIZATION_LEVEL = 0;
				GCC_PREPROCESSOR_DEFINITIONS = (
					"DEBUG=1",
					"$(inherited)",
				);
				GCC_WARN_64_TO_32_BIT_CONVERSION = YES;
				GCC_WARN_ABOUT_RETURN_TYPE = YES_ERROR;
				GCC_WARN_UNDECLARED_SELECTOR = YES;
				GCC_WARN_UNINITIALIZED_AUTOS = YES_AGGRESSIVE;
				GCC_WARN_UNUSED_FUNCTION = YES;
				GCC_WARN_UNUSED_VARIABLE = YES;
				IPHONEOS_DEPLOYMENT_TARGET = 9.3;
				MTL_ENABLE_DEBUG_INFO = YES;
				ONLY_ACTIVE_ARCH = YES;
				SDKROOT = iphoneos;
				SWIFT_OPTIMIZATION_LEVEL = "-Onone";
			};
			name = Debug;
		};
		84CAC2EE1D9B50D2001BCD1F /* Release */ = {
			isa = XCBuildConfiguration;
			buildSettings = {
				ALWAYS_SEARCH_USER_PATHS = NO;
				CLANG_ANALYZER_NONNULL = YES;
				CLANG_CXX_LANGUAGE_STANDARD = "gnu++0x";
				CLANG_CXX_LIBRARY = "libc++";
				CLANG_ENABLE_MODULES = YES;
				CLANG_ENABLE_OBJC_ARC = YES;
				CLANG_WARN_BOOL_CONVERSION = YES;
				CLANG_WARN_CONSTANT_CONVERSION = YES;
				CLANG_WARN_DIRECT_OBJC_ISA_USAGE = YES_ERROR;
				CLANG_WARN_EMPTY_BODY = YES;
				CLANG_WARN_ENUM_CONVERSION = YES;
				CLANG_WARN_INT_CONVERSION = YES;
				CLANG_WARN_OBJC_ROOT_CLASS = YES_ERROR;
				CLANG_WARN_UNREACHABLE_CODE = YES;
				CLANG_WARN__DUPLICATE_METHOD_MATCH = YES;
				"CODE_SIGN_IDENTITY[sdk=iphoneos*]" = "iPhone Developer";
				COPY_PHASE_STRIP = NO;
				DEBUG_INFORMATION_FORMAT = "dwarf-with-dsym";
				ENABLE_NS_ASSERTIONS = NO;
				ENABLE_STRICT_OBJC_MSGSEND = YES;
				GCC_C_LANGUAGE_STANDARD = gnu99;
				GCC_NO_COMMON_BLOCKS = YES;
				GCC_WARN_64_TO_32_BIT_CONVERSION = YES;
				GCC_WARN_ABOUT_RETURN_TYPE = YES_ERROR;
				GCC_WARN_UNDECLARED_SELECTOR = YES;
				GCC_WARN_UNINITIALIZED_AUTOS = YES_AGGRESSIVE;
				GCC_WARN_UNUSED_FUNCTION = YES;
				GCC_WARN_UNUSED_VARIABLE = YES;
				IPHONEOS_DEPLOYMENT_TARGET = 9.3;
				MTL_ENABLE_DEBUG_INFO = NO;
				SDKROOT = iphoneos;
				VALIDATE_PRODUCT = YES;
			};
			name = Release;
		};
		84CAC2F01D9B50D2001BCD1F /* Debug */ = {
			isa = XCBuildConfiguration;
			baseConfigurationReference = 2F678EAF03F6177913E7FDFA /* Pods-DayDayNews.debug.xcconfig */;
			buildSettings = {
				ASSETCATALOG_COMPILER_APPICON_NAME = AppIcon;
				CLANG_ENABLE_MODULES = YES;
				CODE_SIGN_IDENTITY = "iPhone Developer";
				"CODE_SIGN_IDENTITY[sdk=iphoneos*]" = "iPhone Developer";
				INFOPLIST_FILE = DayDayNews/Info.plist;
				LD_RUNPATH_SEARCH_PATHS = "$(inherited) @executable_path/Frameworks";
				PRODUCT_BUNDLE_IDENTIFIER = com.yihe.DayDayNews;
				PRODUCT_NAME = "$(TARGET_NAME)";
				PROVISIONING_PROFILE = "3f25966a-6873-470d-a301-abb5e1fe456c";
				SWIFT_OBJC_BRIDGING_HEADER = "DayDayNews/Photo/DayDayNews-Bridging-Header.h";
				SWIFT_OPTIMIZATION_LEVEL = "-Onone";
				USER_HEADER_SEARCH_PATHS = "${SRCROOT}/**";
			};
			name = Debug;
		};
		84CAC2F11D9B50D2001BCD1F /* Release */ = {
			isa = XCBuildConfiguration;
			baseConfigurationReference = 96952B8521EB517576E5FAE0 /* Pods-DayDayNews.release.xcconfig */;
			buildSettings = {
				ASSETCATALOG_COMPILER_APPICON_NAME = AppIcon;
				CLANG_ENABLE_MODULES = YES;
				CODE_SIGN_IDENTITY = "iPhone Developer";
				"CODE_SIGN_IDENTITY[sdk=iphoneos*]" = "iPhone Developer";
				INFOPLIST_FILE = DayDayNews/Info.plist;
				LD_RUNPATH_SEARCH_PATHS = "$(inherited) @executable_path/Frameworks";
				PRODUCT_BUNDLE_IDENTIFIER = com.yihe.DayDayNews;
				PRODUCT_NAME = "$(TARGET_NAME)";
				PROVISIONING_PROFILE = "3f25966a-6873-470d-a301-abb5e1fe456c";
				SWIFT_OBJC_BRIDGING_HEADER = "DayDayNews/Photo/DayDayNews-Bridging-Header.h";
				USER_HEADER_SEARCH_PATHS = "${SRCROOT}/**";
			};
			name = Release;
		};
/* End XCBuildConfiguration section */

/* Begin XCConfigurationList section */
		84CAC2D81D9B50D2001BCD1F /* Build configuration list for PBXProject "DayDayNews" */ = {
			isa = XCConfigurationList;
			buildConfigurations = (
				84CAC2ED1D9B50D2001BCD1F /* Debug */,
				84CAC2EE1D9B50D2001BCD1F /* Release */,
			);
			defaultConfigurationIsVisible = 0;
			defaultConfigurationName = Release;
		};
		84CAC2EF1D9B50D2001BCD1F /* Build configuration list for PBXNativeTarget "DayDayNews" */ = {
			isa = XCConfigurationList;
			buildConfigurations = (
				84CAC2F01D9B50D2001BCD1F /* Debug */,
				84CAC2F11D9B50D2001BCD1F /* Release */,
			);
			defaultConfigurationIsVisible = 0;
			defaultConfigurationName = Release;
		};
/* End XCConfigurationList section */
	};
	rootObject = 84CAC2D51D9B50D2001BCD1F /* Project object */;
}
