// !$*UTF8*$!
{
	archiveVersion = 1;
	classes = {
	};
	objectVersion = 46;
	objects = {

/* Begin PBXBuildFile section */
		84186F851D9BB75C00956F03 /* YHBaseViewController.swift in Sources */ = {isa = PBXBuildFile; fileRef = 84186F841D9BB75C00956F03 /* YHBaseViewController.swift */; };
		84186F8C1D9BB86800956F03 /* YHPhotoViewController.m in Sources */ = {isa = PBXBuildFile; fileRef = 84186F8B1D9BB86800956F03 /* YHPhotoViewController.m */; };
		84CAC2E11D9B50D2001BCD1F /* AppDelegate.swift in Sources */ = {isa = PBXBuildFile; fileRef = 84CAC2E01D9B50D2001BCD1F /* AppDelegate.swift */; };
		84CAC2E31D9B50D2001BCD1F /* ViewController.swift in Sources */ = {isa = PBXBuildFile; fileRef = 84CAC2E21D9B50D2001BCD1F /* ViewController.swift */; };
		84CAC2E81D9B50D2001BCD1F /* Assets.xcassets in Resources */ = {isa = PBXBuildFile; fileRef = 84CAC2E71D9B50D2001BCD1F /* Assets.xcassets */; };
		84CAC2EB1D9B50D2001BCD1F /* LaunchScreen.storyboard in Resources */ = {isa = PBXBuildFile; fileRef = 84CAC2E91D9B50D2001BCD1F /* LaunchScreen.storyboard */; };
/* End PBXBuildFile section */

/* Begin PBXFileReference section */
		84186F841D9BB75C00956F03 /* YHBaseViewController.swift */ = {isa = PBXFileReference; fileEncoding = 4; lastKnownFileType = sourcecode.swift; name = YHBaseViewController.swift; path = "../../../../../../仓库/test/YHBaseViewController.swift"; sourceTree = "<group>"; };
		84186F891D9BB86800956F03 /* DayDayNews-Bridging-Header.h */ = {isa = PBXFileReference; lastKnownFileType = sourcecode.c.h; path = "DayDayNews-Bridging-Header.h"; sourceTree = "<group>"; };
		84186F8A1D9BB86800956F03 /* YHPhotoViewController.h */ = {isa = PBXFileReference; fileEncoding = 4; lastKnownFileType = sourcecode.c.h; path = YHPhotoViewController.h; sourceTree = "<group>"; };
		84186F8B1D9BB86800956F03 /* YHPhotoViewController.m */ = {isa = PBXFileReference; fileEncoding = 4; lastKnownFileType = sourcecode.c.objc; path = YHPhotoViewController.m; sourceTree = "<group>"; };
		84CAC2DD1D9B50D2001BCD1F /* DayDayNews.app */ = {isa = PBXFileReference; explicitFileType = wrapper.application; includeInIndex = 0; path = DayDayNews.app; sourceTree = BUILT_PRODUCTS_DIR; };
		84CAC2E01D9B50D2001BCD1F /* AppDelegate.swift */ = {isa = PBXFileReference; lastKnownFileType = sourcecode.swift; path = AppDelegate.swift; sourceTree = "<group>"; };
		84CAC2E21D9B50D2001BCD1F /* ViewController.swift */ = {isa = PBXFileReference; lastKnownFileType = sourcecode.swift; path = ViewController.swift; sourceTree = "<group>"; };
		84CAC2E71D9B50D2001BCD1F /* Assets.xcassets */ = {isa = PBXFileReference; lastKnownFileType = folder.assetcatalog; path = Assets.xcassets; sourceTree = "<group>"; };
		84CAC2EA1D9B50D2001BCD1F /* Base */ = {isa = PBXFileReference; lastKnownFileType = file.storyboard; name = Base; path = Base.lproj/LaunchScreen.storyboard; sourceTree = "<group>"; };
		84CAC2EC1D9B50D2001BCD1F /* Info.plist */ = {isa = PBXFileReference; lastKnownFileType = text.plist.xml; path = Info.plist; sourceTree = "<group>"; };
/* End PBXFileReference section */

/* Begin PBXFrameworksBuildPhase section */
		84CAC2DA1D9B50D2001BCD1F /* Frameworks */ = {
			isa = PBXFrameworksBuildPhase;
			buildActionMask = 2147483647;
			files = (
			);
			runOnlyForDeploymentPostprocessing = 0;
		};
/* End PBXFrameworksBuildPhase section */

/* Begin PBXGroup section */
		84186F831D9BB6CE00956F03 /* Photo */ = {
			isa = PBXGroup;
			children = (
				84186F8A1D9BB86800956F03 /* YHPhotoViewController.h */,
				84186F8B1D9BB86800956F03 /* YHPhotoViewController.m */,
				84186F891D9BB86800956F03 /* DayDayNews-Bridging-Header.h */,
			);
			path = Photo;
			sourceTree = "<group>";
		};
		84186F861D9BB7A100956F03 /* Base */ = {
			isa = PBXGroup;
			children = (
				84186F841D9BB75C00956F03 /* YHBaseViewController.swift */,
			);
			path = Base;
			sourceTree = "<group>";
		};
		84186F881D9BB80000956F03 /* Root */ = {
			isa = PBXGroup;
			children = (
			);
			path = Root;
			sourceTree = "<group>";
		};
		84CAC2D41D9B50D2001BCD1F = {
			isa = PBXGroup;
			children = (
				84CAC2DF1D9B50D2001BCD1F /* DayDayNews */,
				84CAC2DE1D9B50D2001BCD1F /* Products */,
			);
			sourceTree = "<group>";
		};
		84CAC2DE1D9B50D2001BCD1F /* Products */ = {
			isa = PBXGroup;
			children = (
				84CAC2DD1D9B50D2001BCD1F /* DayDayNews.app */,
			);
			name = Products;
			sourceTree = "<group>";
		};
		84CAC2DF1D9B50D2001BCD1F /* DayDayNews */ = {
			isa = PBXGroup;
			children = (
				84CAC2F61D9B56B7001BCD1F /* Main */,
				84CAC2F21D9B562D001BCD1F /* Profile */,
				84186F831D9BB6CE00956F03 /* Photo */,
				84CAC2E01D9B50D2001BCD1F /* AppDelegate.swift */,
				84CAC2E21D9B50D2001BCD1F /* ViewController.swift */,
				84CAC2E71D9B50D2001BCD1F /* Assets.xcassets */,
				84CAC2E91D9B50D2001BCD1F /* LaunchScreen.storyboard */,
				84CAC2EC1D9B50D2001BCD1F /* Info.plist */,
			);
			path = DayDayNews;
			sourceTree = "<group>";
		};
		84CAC2F21D9B562D001BCD1F /* Profile */ = {
			isa = PBXGroup;
			children = (
				84CAC2F31D9B562D001BCD1F /* Model */,
				84CAC2F41D9B562D001BCD1F /* View */,
				84CAC2F51D9B562D001BCD1F /* ViewModel */,
			);
			path = Profile;
			sourceTree = "<group>";
		};
		84CAC2F31D9B562D001BCD1F /* Model */ = {
			isa = PBXGroup;
			children = (
			);
			path = Model;
			sourceTree = "<group>";
		};
		84CAC2F41D9B562D001BCD1F /* View */ = {
			isa = PBXGroup;
			children = (
			);
			path = View;
			sourceTree = "<group>";
		};
		84CAC2F51D9B562D001BCD1F /* ViewModel */ = {
			isa = PBXGroup;
			children = (
			);
			path = ViewModel;
			sourceTree = "<group>";
		};
		84CAC2F61D9B56B7001BCD1F /* Main */ = {
			isa = PBXGroup;
			children = (
				84186F881D9BB80000956F03 /* Root */,
				84186F861D9BB7A100956F03 /* Base */,
			);
			path = Main;
			sourceTree = "<group>";
		};
/* End PBXGroup section */

/* Begin PBXNativeTarget section */
		84CAC2DC1D9B50D2001BCD1F /* DayDayNews */ = {
			isa = PBXNativeTarget;
			buildConfigurationList = 84CAC2EF1D9B50D2001BCD1F /* Build configuration list for PBXNativeTarget "DayDayNews" */;
			buildPhases = (
				84CAC2D91D9B50D2001BCD1F /* Sources */,
				84CAC2DA1D9B50D2001BCD1F /* Frameworks */,
				84CAC2DB1D9B50D2001BCD1F /* Resources */,
			);
			buildRules = (
			);
			dependencies = (
			);
			name = DayDayNews;
			productName = DayDayNews;
			productReference = 84CAC2DD1D9B50D2001BCD1F /* DayDayNews.app */;
			productType = "com.apple.product-type.application";
		};
/* End PBXNativeTarget section */

/* Begin PBXProject section */
		84CAC2D51D9B50D2001BCD1F /* Project object */ = {
			isa = PBXProject;
			attributes = {
				CLASSPREFIX = YH;
				LastSwiftUpdateCheck = 0730;
				LastUpgradeCheck = 0730;
				ORGANIZATIONNAME = com.yihe;
				TargetAttributes = {
					84CAC2DC1D9B50D2001BCD1F = {
						CreatedOnToolsVersion = 7.3.1;
						DevelopmentTeam = 282ETXFM23;
					};
				};
			};
			buildConfigurationList = 84CAC2D81D9B50D2001BCD1F /* Build configuration list for PBXProject "DayDayNews" */;
			compatibilityVersion = "Xcode 3.2";
			developmentRegion = English;
			hasScannedForEncodings = 0;
			knownRegions = (
				en,
				Base,
			);
			mainGroup = 84CAC2D41D9B50D2001BCD1F;
			productRefGroup = 84CAC2DE1D9B50D2001BCD1F /* Products */;
			projectDirPath = "";
			projectRoot = "";
			targets = (
				84CAC2DC1D9B50D2001BCD1F /* DayDayNews */,
			);
		};
/* End PBXProject section */

/* Begin PBXResourcesBuildPhase section */
		84CAC2DB1D9B50D2001BCD1F /* Resources */ = {
			isa = PBXResourcesBuildPhase;
			buildActionMask = 2147483647;
			files = (
				84CAC2EB1D9B50D2001BCD1F /* LaunchScreen.storyboard in Resources */,
				84CAC2E81D9B50D2001BCD1F /* Assets.xcassets in Resources */,
			);
			runOnlyForDeploymentPostprocessing = 0;
		};
/* End PBXResourcesBuildPhase section */

/* Begin PBXSourcesBuildPhase section */
		84CAC2D91D9B50D2001BCD1F /* Sources */ = {
			isa = PBXSourcesBuildPhase;
			buildActionMask = 2147483647;
			files = (
				84186F8C1D9BB86800956F03 /* YHPhotoViewController.m in Sources */,
				84186F851D9BB75C00956F03 /* YHBaseViewController.swift in Sources */,
				84CAC2E31D9B50D2001BCD1F /* ViewController.swift in Sources */,
				84CAC2E11D9B50D2001BCD1F /* AppDelegate.swift in Sources */,
			);
			runOnlyForDeploymentPostprocessing = 0;
		};
/* End PBXSourcesBuildPhase section */

/* Begin PBXVariantGroup section */
		84CAC2E91D9B50D2001BCD1F /* LaunchScreen.storyboard */ = {
			isa = PBXVariantGroup;
			children = (
				84CAC2EA1D9B50D2001BCD1F /* Base */,
			);
			name = LaunchScreen.storyboard;
			sourceTree = "<group>";
		};
/* End PBXVariantGroup section */

/* Begin XCBuildConfiguration section */
		84CAC2ED1D9B50D2001BCD1F /* Debug */ = {
			isa = XCBuildConfiguration;
			buildSettings = {
				ALWAYS_SEARCH_USER_PATHS = NO;
				CLANG_ANALYZER_NONNULL = YES;
				CLANG_CXX_LANGUAGE_STANDARD = "gnu++0x";
				CLANG_CXX_LIBRARY = "libc++";
				CLANG_ENABLE_MODULES = YES;
				CLANG_ENABLE_OBJC_ARC = YES;
				CLANG_WARN_BOOL_CONVERSION = YES;
				CLANG_WARN_CONSTANT_CONVERSION = YES;
				CLANG_WARN_DIRECT_OBJC_ISA_USAGE = YES_ERROR;
				CLANG_WARN_EMPTY_BODY = YES;
				CLANG_WARN_ENUM_CONVERSION = YES;
				CLANG_WARN_INT_CONVERSION = YES;
				CLANG_WARN_OBJC_ROOT_CLASS = YES_ERROR;
				CLANG_WARN_UNREACHABLE_CODE = YES;
				CLANG_WARN__DUPLICATE_METHOD_MATCH = YES;
				"CODE_SIGN_IDENTITY[sdk=iphoneos*]" = "iPhone Developer";
				COPY_PHASE_STRIP = NO;
				DEBUG_INFORMATION_FORMAT = dwarf;
				ENABLE_STRICT_OBJC_MSGSEND = YES;
				ENABLE_TESTABILITY = YES;
				GCC_C_LANGUAGE_STANDARD = gnu99;
				GCC_DYNAMIC_NO_PIC = NO;
				GCC_NO_COMMON_BLOCKS = YES;
				GCC_OPTIMIZATION_LEVEL = 0;
				GCC_PREPROCESSOR_DEFINITIONS = (
					"DEBUG=1",
					"$(inherited)",
				);
				GCC_WARN_64_TO_32_BIT_CONVERSION = YES;
				GCC_WARN_ABOUT_RETURN_TYPE = YES_ERROR;
				GCC_WARN_UNDECLARED_SELECTOR = YES;
				GCC_WARN_UNINITIALIZED_AUTOS = YES_AGGRESSIVE;
				GCC_WARN_UNUSED_FUNCTION = YES;
				GCC_WARN_UNUSED_VARIABLE = YES;
				IPHONEOS_DEPLOYMENT_TARGET = 9.3;
				MTL_ENABLE_DEBUG_INFO = YES;
				ONLY_ACTIVE_ARCH = YES;
				SDKROOT = iphoneos;
				SWIFT_OPTIMIZATION_LEVEL = "-Onone";
			};
			name = Debug;
		};
		84CAC2EE1D9B50D2001BCD1F /* Release */ = {
			isa = XCBuildConfiguration;
			buildSettings = {
				ALWAYS_SEARCH_USER_PATHS = NO;
				CLANG_ANALYZER_NONNULL = YES;
				CLANG_CXX_LANGUAGE_STANDARD = "gnu++0x";
				CLANG_CXX_LIBRARY = "libc++";
				CLANG_ENABLE_MODULES = YES;
				CLANG_ENABLE_OBJC_ARC = YES;
				CLANG_WARN_BOOL_CONVERSION = YES;
				CLANG_WARN_CONSTANT_CONVERSION = YES;
				CLANG_WARN_DIRECT_OBJC_ISA_USAGE = YES_ERROR;
				CLANG_WARN_EMPTY_BODY = YES;
				CLANG_WARN_ENUM_CONVERSION = YES;
				CLANG_WARN_INT_CONVERSION = YES;
				CLANG_WARN_OBJC_ROOT_CLASS = YES_ERROR;
				CLANG_WARN_UNREACHABLE_CODE = YES;
				CLANG_WARN__DUPLICATE_METHOD_MATCH = YES;
				"CODE_SIGN_IDENTITY[sdk=iphoneos*]" = "iPhone Developer";
				COPY_PHASE_STRIP = NO;
				DEBUG_INFORMATION_FORMAT = "dwarf-with-dsym";
				ENABLE_NS_ASSERTIONS = NO;
				ENABLE_STRICT_OBJC_MSGSEND = YES;
				GCC_C_LANGUAGE_STANDARD = gnu99;
				GCC_NO_COMMON_BLOCKS = YES;
				GCC_WARN_64_TO_32_BIT_CONVERSION = YES;
				GCC_WARN_ABOUT_RETURN_TYPE = YES_ERROR;
				GCC_WARN_UNDECLARED_SELECTOR = YES;
				GCC_WARN_UNINITIALIZED_AUTOS = YES_AGGRESSIVE;
				GCC_WARN_UNUSED_FUNCTION = YES;
				GCC_WARN_UNUSED_VARIABLE = YES;
				IPHONEOS_DEPLOYMENT_TARGET = 9.3;
				MTL_ENABLE_DEBUG_INFO = NO;
				SDKROOT = iphoneos;
				VALIDATE_PRODUCT = YES;
			};
			name = Release;
		};
		84CAC2F01D9B50D2001BCD1F /* Debug */ = {
			isa = XCBuildConfiguration;
			buildSettings = {
				ASSETCATALOG_COMPILER_APPICON_NAME = AppIcon;
				CLANG_ENABLE_MODULES = YES;
				CODE_SIGN_IDENTITY = "iPhone Developer";
				"CODE_SIGN_IDENTITY[sdk=iphoneos*]" = "iPhone Developer";
				INFOPLIST_FILE = DayDayNews/Info.plist;
				LD_RUNPATH_SEARCH_PATHS = "$(inherited) @executable_path/Frameworks";
				PRODUCT_BUNDLE_IDENTIFIER = com.yihe.DayDayNews;
				PRODUCT_NAME = "$(TARGET_NAME)";
				PROVISIONING_PROFILE = "3f25966a-6873-470d-a301-abb5e1fe456c";
				SWIFT_OBJC_BRIDGING_HEADER = "DayDayNews/Photo/DayDayNews-Bridging-Header.h";
				SWIFT_OPTIMIZATION_LEVEL = "-Onone";
			};
			name = Debug;
		};
		84CAC2F11D9B50D2001BCD1F /* Release */ = {
			isa = XCBuildConfiguration;
			buildSettings = {
				ASSETCATALOG_COMPILER_APPICON_NAME = AppIcon;
				CLANG_ENABLE_MODULES = YES;
				CODE_SIGN_IDENTITY = "iPhone Developer";
				"CODE_SIGN_IDENTITY[sdk=iphoneos*]" = "iPhone Developer";
				INFOPLIST_FILE = DayDayNews/Info.plist;
				LD_RUNPATH_SEARCH_PATHS = "$(inherited) @executable_path/Frameworks";
				PRODUCT_BUNDLE_IDENTIFIER = com.yihe.DayDayNews;
				PRODUCT_NAME = "$(TARGET_NAME)";
				PROVISIONING_PROFILE = "3f25966a-6873-470d-a301-abb5e1fe456c";
				SWIFT_OBJC_BRIDGING_HEADER = "DayDayNews/Photo/DayDayNews-Bridging-Header.h";
			};
			name = Release;
		};
/* End XCBuildConfiguration section */

/* Begin XCConfigurationList section */
		84CAC2D81D9B50D2001BCD1F /* Build configuration list for PBXProject "DayDayNews" */ = {
			isa = XCConfigurationList;
			buildConfigurations = (
				84CAC2ED1D9B50D2001BCD1F /* Debug */,
				84CAC2EE1D9B50D2001BCD1F /* Release */,
			);
			defaultConfigurationIsVisible = 0;
			defaultConfigurationName = Release;
		};
		84CAC2EF1D9B50D2001BCD1F /* Build configuration list for PBXNativeTarget "DayDayNews" */ = {
			isa = XCConfigurationList;
			buildConfigurations = (
				84CAC2F01D9B50D2001BCD1F /* Debug */,
				84CAC2F11D9B50D2001BCD1F /* Release */,
			);
			defaultConfigurationIsVisible = 0;
			defaultConfigurationName = Release;
		};
/* End XCConfigurationList section */
	};
	rootObject = 84CAC2D51D9B50D2001BCD1F /* Project object */;
}
